
Microsoft Visual Studio Solution File, Format Version 12.00
# Visual Studio Version 17
VisualStudioVersion = 17.9.34622.214
MinimumVisualStudioVersion = 10.0.40219.1
Project("{FAE04EC0-301F-11D3-BF4B-00C04F79EFBC}") = "LB_3", "LB_3\LB_3.csproj", "{BBC70775-0908-4BD0-A552-7603CE4E12CD}"
EndProject
Global
	GlobalSection(SolutionConfigurationPlatforms) = preSolution
		Debug|Any CPU = Debug|Any CPU
		Release|Any CPU = Release|Any CPU
	EndGlobalSection
	GlobalSection(ProjectConfigurationPlatforms) = postSolution
		{BBC70775-0908-4BD0-A552-7603CE4E12CD}.Debug|Any CPU.ActiveCfg = Debug|Any CPU
		{BBC70775-0908-4BD0-A552-7603CE4E12CD}.Debug|Any CPU.Build.0 = Debug|Any CPU
		{BBC70775-0908-4BD0-A552-7603CE4E12CD}.Release|Any CPU.ActiveCfg = Release|Any CPU
		{BBC70775-0908-4BD0-A552-7603CE4E12CD}.Release|Any CPU.Build.0 = Release|Any CPU
	EndGlobalSection
	GlobalSection(SolutionProperties) = preSolution
		HideSolutionNode = FALSE
	EndGlobalSection
	GlobalSection(ExtensibilityGlobals) = postSolution
		SolutionGuid = {0D198D02-9C8B-4913-B048-D1FC6BA810F0}
	EndGlobalSection
EndGlobal
